# THIS IS AN AUTOGENERATED FILE. DO NOT EDIT THIS FILE DIRECTLY.
# yarn lockfile v1


"@babel/runtime@^7.3.1", "@babel/runtime@^7.8.3":
  version "7.15.4"
  resolved "https://registry.yarnpkg.com/@babel/runtime/-/runtime-7.15.4.tgz#fd17d16bfdf878e6dd02d19753a39fa8a8d9c84a"
  integrity sha512-99catp6bHCaxr4sJ/DbTGgHS4+Rs2RVd2g7iOap6SLGPDknRK9ztKNsE/Fg6QhSeh1FGE5f6gHGQmvvn3I3xhw==
  dependencies:
    regenerator-runtime "^0.13.4"

"@emotion/is-prop-valid@^0.7.3":
  version "0.7.3"
  resolved "https://registry.yarnpkg.com/@emotion/is-prop-valid/-/is-prop-valid-0.7.3.tgz#a6bf4fa5387cbba59d44e698a4680f481a8da6cc"
  integrity sha512-uxJqm/sqwXw3YPA5GXX365OBcJGFtxUVkB6WyezqFHlNe9jqUWH5ur2O2M8dGBz61kn1g3ZBlzUunFQXQIClhA==
  dependencies:
    "@emotion/memoize" "0.7.1"

"@emotion/memoize@0.7.1":
  version "0.7.1"
  resolved "https://registry.yarnpkg.com/@emotion/memoize/-/memoize-0.7.1.tgz#e93c13942592cf5ef01aa8297444dc192beee52f"
  integrity sha512-Qv4LTqO11jepd5Qmlp3M1YEjBumoTHcHFdgPTQ+sFlIL5myi/7xu/POwP7IRu6odBdmLXdtIs1D6TuW6kbwbbg==

colorette@^1.2.2:
  version "1.4.0"
  resolved "https://registry.yarnpkg.com/colorette/-/colorette-1.4.0.tgz#5190fbb87276259a86ad700bff2c6d6faa3fca40"
  integrity sha512-Y2oEozpomLn7Q3HFP7dpww7AtMJplbM9lGZP6RDfHqmbeRjiwRg4n6VM6j4KLmRke85uWEI7JqF17f3pqdRA0g==

css-jss@10.7.1:
  version "10.7.1"
  resolved "https://registry.yarnpkg.com/css-jss/-/css-jss-10.7.1.tgz#548f1934f1d27fd71b223fb99456e1ccca85c7b9"
  integrity sha512-lD4Gc27F4lXA9eIzbj9cdS+E7ePe0D6o6sbyOJ6p3j7BW/C3zhMHfIumbVWlAkmfOjxFTnVYIx78/suL+yCNkg==
  dependencies:
    "@babel/runtime" "^7.3.1"
    jss "10.7.1"
    jss-preset-default "10.7.1"

css-vendor@^2.0.8:
  version "2.0.8"
  resolved "https://registry.yarnpkg.com/css-vendor/-/css-vendor-2.0.8.tgz#e47f91d3bd3117d49180a3c935e62e3d9f7f449d"
  integrity sha512-x9Aq0XTInxrkuFeHKbYC7zWY8ai7qJ04Kxd9MnvbC1uO5DagxoHQjm4JvG+vCdXOoFtCjbL2XSZfxmoYa9uQVQ==
  dependencies:
    "@babel/runtime" "^7.8.3"
    is-in-browser "^1.0.2"

csstype@^3.0.2:
  version "3.0.9"
  resolved "https://registry.yarnpkg.com/csstype/-/csstype-3.0.9.tgz#6410af31b26bd0520933d02cbc64fce9ce3fbf0b"
  integrity sha512-rpw6JPxK6Rfg1zLOYCSwle2GFOOsnjmDYDaBwEcwoOg4qlsIVCN789VkBZDJAGi4T07gI4YSutR43t9Zz4Lzuw==

esbuild@^0.12.17:
  version "0.12.28"
  resolved "https://registry.yarnpkg.com/esbuild/-/esbuild-0.12.28.tgz#84da0d2a0d0dee181281545271e0d65cf6fab1ef"
  integrity sha512-pZ0FrWZXlvQOATlp14lRSk1N9GkeJ3vLIwOcUoo3ICQn9WNR4rWoNi81pbn6sC1iYUy7QPqNzI3+AEzokwyVcA==

fsevents@~2.3.2:
  version "2.3.2"
  resolved "https://registry.yarnpkg.com/fsevents/-/fsevents-2.3.2.tgz#8a526f78b8fdf4623b709e0b975c52c24c02fd1a"
  integrity sha512-xiqMQR4xAeHTuB9uWm+fFRcIOgKBMiOBP+eXiyT7jsgVCq1bkVygt00oASowB7EdtpOHaaPgKt812P9ab+DDKA==

function-bind@^1.1.1:
  version "1.1.1"
  resolved "https://registry.yarnpkg.com/function-bind/-/function-bind-1.1.1.tgz#a56899d3ea3c9bab874bb9773b7c5ede92f4895d"
  integrity sha512-yIovAzMX49sF8Yl58fSCWJ5svSLuaibPxXQJFLmBObTuCr0Mf1KiPopGM9NiFjiYBCbfaa2Fh6breQ6ANVTI0A==

has@^1.0.3:
  version "1.0.3"
  resolved "https://registry.yarnpkg.com/has/-/has-1.0.3.tgz#722d7cbfc1f6aa8241f16dd814e011e1f41e8796"
  integrity sha512-f2dvO0VU6Oej7RkWJGrehjbzMAjFp5/VKPp5tTpWIV4JHHZK1/BxbFRtf/siA2SWTe09caDmVtYYzWEIbBS4zw==
  dependencies:
    function-bind "^1.1.1"

hoist-non-react-statics@^3.2.0, hoist-non-react-statics@^3.3.0:
  version "3.3.2"
  resolved "https://registry.yarnpkg.com/hoist-non-react-statics/-/hoist-non-react-statics-3.3.2.tgz#ece0acaf71d62c2969c2ec59feff42a4b1a85b45"
  integrity sha512-/gGivxi8JPKWNm/W0jSmzcMPpfpPLc3dY/6GxhX2hQ9iGj3aDfklV4ET7NjKpSinLpJ5vafa9iiGIEZg10SfBw==
  dependencies:
    react-is "^16.7.0"

hyphenate-style-name@^1.0.3:
  version "1.0.4"
  resolved "https://registry.yarnpkg.com/hyphenate-style-name/-/hyphenate-style-name-1.0.4.tgz#691879af8e220aea5750e8827db4ef62a54e361d"
  integrity sha512-ygGZLjmXfPHj+ZWh6LwbC37l43MhfztxetbFCoYTM2VjkIUpeHgSNn7QIyVFj7YQ1Wl9Cbw5sholVJPzWvC2MQ==

is-core-module@^2.2.0:
  version "2.6.0"
  resolved "https://registry.yarnpkg.com/is-core-module/-/is-core-module-2.6.0.tgz#d7553b2526fe59b92ba3e40c8df757ec8a709e19"
  integrity sha512-wShG8vs60jKfPWpF2KZRaAtvt3a20OAn7+IJ6hLPECpSABLcKtFKTTI4ZtH5QcBruBHlq+WsdHWyz0BCZW7svQ==
  dependencies:
    has "^1.0.3"

is-in-browser@^1.0.2, is-in-browser@^1.1.3:
  version "1.1.3"
  resolved "https://registry.yarnpkg.com/is-in-browser/-/is-in-browser-1.1.3.tgz#56ff4db683a078c6082eb95dad7dc62e1d04f835"
  integrity sha1-Vv9NtoOgeMYILrldrX3GLh0E+DU=

"js-tokens@^3.0.0 || ^4.0.0":
  version "4.0.0"
  resolved "https://registry.yarnpkg.com/js-tokens/-/js-tokens-4.0.0.tgz#19203fb59991df98e3a287050d4647cdeaf32499"
  integrity sha512-RdJUflcE3cUzKiMqQgsCu06FPu9UdIJO0beYbPhHN4k6apgJtifcoCtT9bcxOpYBtpD2kCM6Sbzg4CausW/PKQ==

jss-plugin-camel-case@10.7.1:
  version "10.7.1"
  resolved "https://registry.yarnpkg.com/jss-plugin-camel-case/-/jss-plugin-camel-case-10.7.1.tgz#e7f7097cf97e9deec599cef3275e213452318b93"
  integrity sha512-+ioIyWvmAfgDCWXsQcW1NMnLBvRinOVFkSYJUgewQ6TynOcSj5F1bSU23B7z0p1iqK0PPHIU62xY1iNJD33WGA==
  dependencies:
    "@babel/runtime" "^7.3.1"
    hyphenate-style-name "^1.0.3"
    jss "10.7.1"

jss-plugin-compose@10.7.1:
  version "10.7.1"
  resolved "https://registry.yarnpkg.com/jss-plugin-compose/-/jss-plugin-compose-10.7.1.tgz#b88a9bb07b65865d8403541cd71396e7f8360f8d"
  integrity sha512-UxHNCvPBWGBjVb/4BMC6nytFmTIz1mT7xHzaAVsX50Pj26Zv34zeZqqlKYLTOapr+5nJZRy6RkgK98gGuNa7WA==
  dependencies:
    "@babel/runtime" "^7.3.1"
    jss "10.7.1"
    tiny-warning "^1.0.2"

jss-plugin-default-unit@10.7.1:
  version "10.7.1"
  resolved "https://registry.yarnpkg.com/jss-plugin-default-unit/-/jss-plugin-default-unit-10.7.1.tgz#826270e2ee38d7024a281ac67c30d6944f124786"
  integrity sha512-tW+dfYVNARBQb/ONzBwd8uyImigyzMiAEDai+AbH5rcHg5h3TtqhAkxx06iuZiT/dZUiFdSKlbe3q9jZGAPIwA==
  dependencies:
    "@babel/runtime" "^7.3.1"
    jss "10.7.1"

jss-plugin-expand@10.7.1:
  version "10.7.1"
  resolved "https://registry.yarnpkg.com/jss-plugin-expand/-/jss-plugin-expand-10.7.1.tgz#e4331704c80de28be66b5839ff56b874916af46c"
  integrity sha512-A1E56iuK92fTygjBaxJ+/TlHkwz95gBygb6srYNeXWZ/gPXUIGmAnrVPETVd+arfhBT31pgVm1xM/73LHdp31Q==
  dependencies:
    "@babel/runtime" "^7.3.1"
    jss "10.7.1"

jss-plugin-extend@10.7.1:
  version "10.7.1"
  resolved "https://registry.yarnpkg.com/jss-plugin-extend/-/jss-plugin-extend-10.7.1.tgz#34def491c09c8279d037e042f480739f0ed78cf2"
  integrity sha512-MSDxhi8jvzKJpE3+IxWVIOjJKUtBnHRgkNDiTNjL/RrnQmVquHh8GOJlkfPeoejcbT9wGsOTMrIbSH6KKLs5Mw==
  dependencies:
    "@babel/runtime" "^7.3.1"
    jss "10.7.1"
    tiny-warning "^1.0.2"

jss-plugin-global@10.7.1:
  version "10.7.1"
  resolved "https://registry.yarnpkg.com/jss-plugin-global/-/jss-plugin-global-10.7.1.tgz#9725c46d662aac2e596a0a8741944c060e2b90a1"
  integrity sha512-FbxCnu44IkK/bw8X3CwZKmcAnJqjAb9LujlAc/aP0bMSdVa3/MugKQRyeQSu00uGL44feJJDoeXXiHOakBr/Zw==
  dependencies:
    "@babel/runtime" "^7.3.1"
    jss "10.7.1"

jss-plugin-nested@10.7.1:
  version "10.7.1"
  resolved "https://registry.yarnpkg.com/jss-plugin-nested/-/jss-plugin-nested-10.7.1.tgz#35563a7a710a45307fd6b9742ffada1d72a62eb7"
  integrity sha512-RNbICk7FlYKaJyv9tkMl7s6FFfeLA3ubNIFKvPqaWtADK0KUaPsPXVYBkAu4x1ItgsWx67xvReMrkcKA0jSXfA==
  dependencies:
    "@babel/runtime" "^7.3.1"
    jss "10.7.1"
    tiny-warning "^1.0.2"

jss-plugin-props-sort@10.7.1:
  version "10.7.1"
  resolved "https://registry.yarnpkg.com/jss-plugin-props-sort/-/jss-plugin-props-sort-10.7.1.tgz#1d12b26048541ed3a2ed1b69f7fc231605728362"
  integrity sha512-eyd5FhA+J0QrpqXxO7YNF/HMSXXl4pB0EmUdY4vSJI4QG22F59vQ6AHtP6fSwhmBdQ98Qd9gjfO+RMxcE39P1A==
  dependencies:
    "@babel/runtime" "^7.3.1"
    jss "10.7.1"

jss-plugin-rule-value-function@10.7.1:
  version "10.7.1"
  resolved "https://registry.yarnpkg.com/jss-plugin-rule-value-function/-/jss-plugin-rule-value-function-10.7.1.tgz#123eb796eb9982f8efa7a7e362daddd90c0c69fe"
  integrity sha512-fGAAImlbaHD3fXAHI3ooX6aRESOl5iBt3LjpVjxs9II5u9tzam7pqFUmgTcrip9VpRqYHn8J3gA7kCtm8xKwHg==
  dependencies:
    "@babel/runtime" "^7.3.1"
    jss "10.7.1"
    tiny-warning "^1.0.2"

jss-plugin-rule-value-observable@10.7.1:
  version "10.7.1"
  resolved "https://registry.yarnpkg.com/jss-plugin-rule-value-observable/-/jss-plugin-rule-value-observable-10.7.1.tgz#7781defc3255248d180f02d61fcf1185a826c269"
  integrity sha512-uO2ZDIC5ANkCsnf4jgiq1I8w6pXX9UJDPOCShbjdwkN6cbpHhy9BfPmvniEoWmF2wtap87l4Fplpn7byzueGeQ==
  dependencies:
    "@babel/runtime" "^7.3.1"
    jss "10.7.1"
    symbol-observable "^1.2.0"

jss-plugin-template@10.7.1:
  version "10.7.1"
  resolved "https://registry.yarnpkg.com/jss-plugin-template/-/jss-plugin-template-10.7.1.tgz#d2467b7580276264329391de92714d80520abf22"
  integrity sha512-FHQdbo5Yf13XOm9k7A+iJyUisY5yj6LGuLHOt3VR3yWRt6x/AzJ3q/znRKSNqZBaDFpNdxjIFZNAFFaVDd2cjQ==
  dependencies:
    "@babel/runtime" "^7.3.1"
    jss "10.7.1"
    tiny-warning "^1.0.2"

jss-plugin-vendor-prefixer@10.7.1:
  version "10.7.1"
  resolved "https://registry.yarnpkg.com/jss-plugin-vendor-prefixer/-/jss-plugin-vendor-prefixer-10.7.1.tgz#217821be2d6dacee31d2d464886760ba7742e19a"
  integrity sha512-1UHFmBn7hZNsHXTkLLOL8abRl8vi+D1EVzWD4WmLFj55vawHZfnH1oEz6TUf5Y61XHv0smdHabdXds6BgOXe3A==
  dependencies:
    "@babel/runtime" "^7.3.1"
    css-vendor "^2.0.8"
    jss "10.7.1"

jss-preset-default@10.7.1:
  version "10.7.1"
  resolved "https://registry.yarnpkg.com/jss-preset-default/-/jss-preset-default-10.7.1.tgz#42d011ca88cdafbd7544d6a201970690f167f05e"
  integrity sha512-dDvfgBIu8hVfzz6jRvRMPNDFR/Fb0zS3DrBC8aANZ1fVw2GfkdDo4dWUQwtTj8Mnrxt4hTcYBrCy1lOlNU6+Eg==
  dependencies:
    "@babel/runtime" "^7.3.1"
    jss "10.7.1"
    jss-plugin-camel-case "10.7.1"
    jss-plugin-compose "10.7.1"
    jss-plugin-default-unit "10.7.1"
    jss-plugin-expand "10.7.1"
    jss-plugin-extend "10.7.1"
    jss-plugin-global "10.7.1"
    jss-plugin-nested "10.7.1"
    jss-plugin-props-sort "10.7.1"
    jss-plugin-rule-value-function "10.7.1"
    jss-plugin-rule-value-observable "10.7.1"
    jss-plugin-template "10.7.1"
    jss-plugin-vendor-prefixer "10.7.1"

jss@10.7.1:
  version "10.7.1"
  resolved "https://registry.yarnpkg.com/jss/-/jss-10.7.1.tgz#16d846e1a22fb42e857b99f9c6a0c5a27341c804"
  integrity sha512-5QN8JSVZR6cxpZNeGfzIjqPEP+ZJwJJfZbXmeABNdxiExyO+eJJDy6WDtqTf8SDKnbL5kZllEpAP71E/Lt7PXg==
  dependencies:
    "@babel/runtime" "^7.3.1"
    csstype "^3.0.2"
    is-in-browser "^1.1.3"
    tiny-warning "^1.0.2"

loose-envify@^1.1.0, loose-envify@^1.4.0:
  version "1.4.0"
  resolved "https://registry.yarnpkg.com/loose-envify/-/loose-envify-1.4.0.tgz#71ee51fa7be4caec1a63839f7e682d8132d30caf"
  integrity sha512-lyuxPGr/Wfhrlem2CL/UcnUc1zcqKAImBDzukY7Y5F/yQiNdko6+fRLevlw1HgMySw7f611UIY408EtxRSoK3Q==
  dependencies:
    js-tokens "^3.0.0 || ^4.0.0"

nanoid@^3.1.23:
  version "3.1.25"
  resolved "https://registry.yarnpkg.com/nanoid/-/nanoid-3.1.25.tgz#09ca32747c0e543f0e1814b7d3793477f9c8e152"
  integrity sha512-rdwtIXaXCLFAQbnfqDRnI6jaRHp9fTcYBjtFKE8eezcZ7LuLjhUaQGNeMXf1HmRoCH32CLz6XwX0TtxEOS/A3Q==

object-assign@^4.1.1:
  version "4.1.1"
  resolved "https://registry.yarnpkg.com/object-assign/-/object-assign-4.1.1.tgz#2109adc7965887cfc05cbbd442cac8bfbb360863"
  integrity sha1-IQmtx5ZYh8/AXLvUQsrIv7s2CGM=

path-parse@^1.0.6:
  version "1.0.7"
  resolved "https://registry.yarnpkg.com/path-parse/-/path-parse-1.0.7.tgz#fbc114b60ca42b30d9daf5858e4bd68bbedb6735"
  integrity sha512-LDJzPVEEEPR+y48z93A0Ed0yXb8pAByGWo/k5YYdYgpY2/2EsOsksJrq7lOHxryrVOn1ejG6oAp8ahvOIQD8sw==

postcss@^8.3.6:
  version "8.3.6"
  resolved "https://registry.yarnpkg.com/postcss/-/postcss-8.3.6.tgz#2730dd76a97969f37f53b9a6096197be311cc4ea"
  integrity sha512-wG1cc/JhRgdqB6WHEuyLTedf3KIRuD0hG6ldkFEZNCjRxiC+3i6kkWUUbiJQayP28iwG35cEmAbe98585BYV0A==
  dependencies:
    colorette "^1.2.2"
    nanoid "^3.1.23"
    source-map-js "^0.6.2"

prop-types@^15.5.8, prop-types@^15.6.0:
  version "15.7.2"
  resolved "https://registry.yarnpkg.com/prop-types/-/prop-types-15.7.2.tgz#52c41e75b8c87e72b9d9360e0206b99dcbffa6c5"
  integrity sha512-8QQikdH7//R2vurIJSutZ1smHYTcLpRWEOlHnzcWHmBYrOGUysKwSsrC89BCiFj3CbrfJ/nXFdJepOVrY1GCHQ==
  dependencies:
    loose-envify "^1.4.0"
    object-assign "^4.1.1"
    react-is "^16.8.1"

react-display-name@^0.2.4:
  version "0.2.5"
  resolved "https://registry.yarnpkg.com/react-display-name/-/react-display-name-0.2.5.tgz#304c7cbfb59ee40389d436e1a822c17fe27936c6"
  integrity sha512-I+vcaK9t4+kypiSgaiVWAipqHRXYmZIuAiS8vzFvXHHXVigg/sMKwlRgLy6LH2i3rmP+0Vzfl5lFsFRwF1r3pg==

react-dom@^17.0.0:
  version "17.0.2"
  resolved "https://registry.yarnpkg.com/react-dom/-/react-dom-17.0.2.tgz#ecffb6845e3ad8dbfcdc498f0d0a939736502c23"
  integrity sha512-s4h96KtLDUQlsENhMn1ar8t2bEa+q/YAtj8pPPdIjPDGBDIVNsrD9aXNWqspUe6AzKCIG0C1HZZLqLV7qpOBGA==
  dependencies:
    loose-envify "^1.1.0"
    object-assign "^4.1.1"
    scheduler "^0.20.2"

react-is@^16.7.0, react-is@^16.8.1:
  version "16.13.1"
  resolved "https://registry.yarnpkg.com/react-is/-/react-is-16.13.1.tgz#789729a4dc36de2999dc156dd6c1d9c18cea56a4"
  integrity sha512-24e6ynE2H+OKt4kqsOvNd8kBpV65zoxbA4BVsEOB3ARVWQki/DHzaUoC5KuON/BiccDaCCTZBuOcfZs70kR8bQ==

react-jss@^10.7.1:
  version "10.7.1"
  resolved "https://registry.yarnpkg.com/react-jss/-/react-jss-10.7.1.tgz#67c146ca1c27ddb017f1a00194a3dd3e219cefbc"
  integrity sha512-Zkq53nRyM8COT9OE0Jtirwxu76dkytcA3qXrjGxak6Z5yol+i4LSAZzWSoI59h0oTaMTiKxr6ZMT3BEpPxauBA==
  dependencies:
    "@babel/runtime" "^7.3.1"
    "@emotion/is-prop-valid" "^0.7.3"
    css-jss "10.7.1"
    hoist-non-react-statics "^3.2.0"
    is-in-browser "^1.1.3"
    jss "10.7.1"
    jss-preset-default "10.7.1"
    prop-types "^15.6.0"
    shallow-equal "^1.2.0"
    theming "^3.3.0"
    tiny-warning "^1.0.2"

react@^17.0.0:
  version "17.0.2"
  resolved "https://registry.yarnpkg.com/react/-/react-17.0.2.tgz#d0b5cc516d29eb3eee383f75b62864cfb6800037"
  integrity sha512-gnhPt75i/dq/z3/6q/0asP78D0u592D5L1pd7M8P+dck6Fu/jJeL6iVVK23fptSUZj8Vjf++7wXA8UNclGQcbA==
  dependencies:
    loose-envify "^1.1.0"
    object-assign "^4.1.1"

regenerator-runtime@^0.13.4:
  version "0.13.9"
  resolved "https://registry.yarnpkg.com/regenerator-runtime/-/regenerator-runtime-0.13.9.tgz#8925742a98ffd90814988d7566ad30ca3b263b52"
  integrity sha512-p3VT+cOEgxFsRRA9X4lkI1E+k2/CtnKtU4gcxyaCUreilL/vqI6CdZ3wxVUx3UOUg+gnUOQQcRI7BmSI656MYA==

resolve@^1.20.0:
  version "1.20.0"
  resolved "https://registry.yarnpkg.com/resolve/-/resolve-1.20.0.tgz#629a013fb3f70755d6f0b7935cc1c2c5378b1975"
  integrity sha512-wENBPt4ySzg4ybFQW2TT1zMQucPK95HSh/nq2CFTZVOGut2+pQvSsgtda4d26YrYcr067wjbmzOG8byDPBX63A==
  dependencies:
    is-core-module "^2.2.0"
    path-parse "^1.0.6"

rollup@^2.38.5:
  version "2.56.3"
  resolved "https://registry.yarnpkg.com/rollup/-/rollup-2.56.3.tgz#b63edadd9851b0d618a6d0e6af8201955a77aeff"
  integrity sha512-Au92NuznFklgQCUcV96iXlxUbHuB1vQMaH76DHl5M11TotjOHwqk9CwcrT78+Tnv4FN9uTBxq6p4EJoYkpyekg==
  optionalDependencies:
    fsevents "~2.3.2"

scheduler@^0.20.2:
  version "0.20.2"
  resolved "https://registry.yarnpkg.com/scheduler/-/scheduler-0.20.2.tgz#4baee39436e34aa93b4874bddcbf0fe8b8b50e91"
  integrity sha512-2eWfGgAqqWFGqtdMmcL5zCMK1U8KlXv8SQFGglL3CEtd0aDVDWgeF/YoCmvln55m5zSk3J/20hTaSBeSObsQDQ==
  dependencies:
    loose-envify "^1.1.0"
    object-assign "^4.1.1"

shallow-equal@^1.2.0:
  version "1.2.1"
  resolved "https://registry.yarnpkg.com/shallow-equal/-/shallow-equal-1.2.1.tgz#4c16abfa56043aa20d050324efa68940b0da79da"
  integrity sha512-S4vJDjHHMBaiZuT9NPb616CSmLf618jawtv3sufLl6ivK8WocjAo58cXwbRV1cgqxH0Qbv+iUt6m05eqEa2IRA==

source-map-js@^0.6.2:
  version "0.6.2"
  resolved "https://registry.yarnpkg.com/source-map-js/-/source-map-js-0.6.2.tgz#0bb5de631b41cfbda6cfba8bd05a80efdfd2385e"
  integrity sha512-/3GptzWzu0+0MBQFrDKzw/DvvMTUORvgY6k6jd/VS6iCR4RDTKWH6v6WPwQoUO8667uQEf9Oe38DxAYWY5F/Ug==

symbol-observable@^1.2.0:
  version "1.2.0"
  resolved "https://registry.yarnpkg.com/symbol-observable/-/symbol-observable-1.2.0.tgz#c22688aed4eab3cdc2dfeacbb561660560a00804"
  integrity sha512-e900nM8RRtGhlV36KGEU9k65K3mPb1WV70OdjfxlG2EAuM1noi/E/BaW/uMhL7bPEssK8QV57vN3esixjUvcXQ==

theming@^3.3.0:
  version "3.3.0"
  resolved "https://registry.yarnpkg.com/theming/-/theming-3.3.0.tgz#dacabf04aa689edde35f1e1c117ec6de73fbf870"
  integrity sha512-u6l4qTJRDaWZsqa8JugaNt7Xd8PPl9+gonZaIe28vAhqgHMIG/DOyFPqiKN/gQLQYj05tHv+YQdNILL4zoiAVA==
  dependencies:
    hoist-non-react-statics "^3.3.0"
    prop-types "^15.5.8"
    react-display-name "^0.2.4"
    tiny-warning "^1.0.2"

tiny-warning@^1.0.2:
  version "1.0.3"
  resolved "https://registry.yarnpkg.com/tiny-warning/-/tiny-warning-1.0.3.tgz#94a30db453df4c643d0fd566060d60a875d84754"
  integrity sha512-lBN9zLN/oAf68o3zNXYrdCt1kP8WsiGW8Oo2ka41b2IM5JL/S1CTyX1rW0mb/zSuJun0ZUrDxx4sqvYS2FWzPA==

typescript@^4.3.2:
  version "4.4.3"
  resolved "https://registry.yarnpkg.com/typescript/-/typescript-4.4.3.tgz#bdc5407caa2b109efd4f82fe130656f977a29324"
  integrity sha512-4xfscpisVgqqDfPaJo5vkd+Qd/ItkoagnHpufr+i2QCHBsNYp+G7UAoyFl8aPtx879u38wPV65rZ8qbGZijalA==

vite@^2.4.4:
  version "2.5.7"
  resolved "https://registry.yarnpkg.com/vite/-/vite-2.5.7.tgz#e495be9d8bcbf9d30c7141efdccacde746ee0125"
  integrity sha512-hyUoWmRPhjN1aI+ZSBqDINKdIq7aokHE2ZXiztOg4YlmtpeQtMwMeyxv6X9YxHZmvGzg/js/eATM9Z1nwyakxg==
  dependencies:
    esbuild "^0.12.17"
    postcss "^8.3.6"
    resolve "^1.20.0"
    rollup "^2.38.5"
  optionalDependencies:
    fsevents "~2.3.2"
